// !$*UTF8*$!
{
	archiveVersion = 1;
	classes = {
	};
	objectVersion = 56;
	objects = {

/* Begin PBXBuildFile section */
		AA1111111111111111111111 /* DayDrainApp.swift in Sources */ = {isa = PBXBuildFile; fileRef = BB1111111111111111111111 /* DayDrainApp.swift */; };
		AA2222222222222222222222 /* DayManager.swift in Sources */ = {isa = PBXBuildFile; fileRef = BB2222222222222222222222 /* DayManager.swift */; };
		AA3333333333333333333333 /* StatusBarView.swift in Sources */ = {isa = PBXBuildFile; fileRef = BB3333333333333333333333 /* StatusBarView.swift */; };
		AA4444444444444444444444 /* SettingsView.swift in Sources */ = {isa = PBXBuildFile; fileRef = BB4444444444444444444444 /* SettingsView.swift */; };
                AA5555555555555555555555 /* MenuBarController.swift in Sources */ = {isa = PBXBuildFile; fileRef = BB5555555555555555555555 /* MenuBarController.swift */; };
                AA6666666666666666666666 /* ToDoManager.swift in Sources */ = {isa = PBXBuildFile; fileRef = BB6666666666666666666666 /* ToDoManager.swift */; };
		AA7777777777777777777777 /* ToDoPanel.swift in Sources */ = {isa = PBXBuildFile; fileRef = BB7777777777777777777777 /* ToDoPanel.swift */; };
		AA8888888888888888888888 /* WeekManager.swift in Sources */ = {isa = PBXBuildFile; fileRef = BB8888888888888888888888 /* WeekManager.swift */; };
		AA9999999999999999999999 /* FocusModels.swift in Sources */ = {isa = PBXBuildFile; fileRef = BB9999999999999999999999 /* FocusModels.swift */; };
/* End PBXBuildFile section */

/* Begin PBXFileReference section */
		BB1111111111111111111111 /* DayDrainApp.swift */ = {isa = PBXFileReference; lastKnownFileType = sourcecode.swift; path = DayDrainApp.swift; sourceTree = "<group>"; };
		BB2222222222222222222222 /* DayManager.swift */ = {isa = PBXFileReference; lastKnownFileType = sourcecode.swift; path = DayManager.swift; sourceTree = "<group>"; };
		BB3333333333333333333333 /* StatusBarView.swift */ = {isa = PBXFileReference; lastKnownFileType = sourcecode.swift; path = StatusBarView.swift; sourceTree = "<group>"; };
		BB4444444444444444444444 /* SettingsView.swift */ = {isa = PBXFileReference; lastKnownFileType = sourcecode.swift; path = SettingsView.swift; sourceTree = "<group>"; };
                BB5555555555555555555555 /* MenuBarController.swift */ = {isa = PBXFileReference; lastKnownFileType = sourcecode.swift; path = MenuBarController.swift; sourceTree = "<group>"; };
                BB6666666666666666666666 /* ToDoManager.swift */ = {isa = PBXFileReference; lastKnownFileType = sourcecode.swift; path = ToDoManager.swift; sourceTree = "<group>"; };
                BB7777777777777777777777 /* ToDoPanel.swift */ = {isa = PBXFileReference; lastKnownFileType = sourcecode.swift; path = ToDoPanel.swift; sourceTree = "<group>"; };
                BB8888888888888888888888 /* WeekManager.swift */ = {isa = PBXFileReference; lastKnownFileType = sourcecode.swift; path = WeekManager.swift; sourceTree = "<group>"; };
                BB9999999999999999999999 /* FocusModels.swift */ = {isa = PBXFileReference; lastKnownFileType = sourcecode.swift; path = FocusModels.swift; sourceTree = "<group>"; };
		CC1111111111111111111111 /* DayDrain.app */ = {isa = PBXFileReference; explicitFileType = wrapper.application; includeInIndex = 0; path = DayDrain.app; sourceTree = BUILT_PRODUCTS_DIR; };
		DD1111111111111111111111 /* Info.plist */ = {isa = PBXFileReference; lastKnownFileType = text.plist.xml; path = Info.plist; sourceTree = "<group>"; };
/* End PBXFileReference section */

/* Begin PBXFrameworksBuildPhase section */
		EE1111111111111111111111 /* Frameworks */ = {
			isa = PBXFrameworksBuildPhase;
			buildActionMask = 2147483647;
			files = (
			);
			runOnlyForDeploymentPostprocessing = 0;
		};
/* End PBXFrameworksBuildPhase section */

/* Begin PBXGroup section */
		FF1111111111111111111111 = {
			isa = PBXGroup;
			children = (
				GG1111111111111111111111 /* DayDrain */,
				HH1111111111111111111111 /* Products */,
			);
			sourceTree = "<group>";
		};
		GG1111111111111111111111 /* DayDrain */ = {
			isa = PBXGroup;
			children = (
				BB1111111111111111111111 /* DayDrainApp.swift */,
				BB2222222222222222222222 /* DayManager.swift */,
                                BB3333333333333333333333 /* StatusBarView.swift */,
                                BB4444444444444444444444 /* SettingsView.swift */,
                                BB5555555555555555555555 /* MenuBarController.swift */,
                                BB6666666666666666666666 /* ToDoManager.swift */,
                                BB7777777777777777777777 /* ToDoPanel.swift */,
                                BB8888888888888888888888 /* WeekManager.swift */,
                                BB9999999999999999999999 /* FocusModels.swift */,
                                DD1111111111111111111111 /* Info.plist */,
			);
			path = DayDrain;
			sourceTree = "<group>";
		};
		HH1111111111111111111111 /* Products */ = {
			isa = PBXGroup;
			children = (
				CC1111111111111111111111 /* DayDrain.app */,
			);
			name = Products;
			sourceTree = "<group>";
		};
/* End PBXGroup section */

/* Begin PBXNativeTarget section */
		II1111111111111111111111 /* DayDrain */ = {
			isa = PBXNativeTarget;
			buildConfigurationList = JJ1111111111111111111111 /* Build configuration list for PBXNativeTarget "DayDrain" */;
			buildPhases = (
				KK1111111111111111111111 /* Sources */,
				EE1111111111111111111111 /* Frameworks */,
				LL1111111111111111111111 /* Resources */,
			);
			buildRules = (
			);
			dependencies = (
			);
			name = DayDrain;
			productName = DayDrain;
			productReference = CC1111111111111111111111 /* DayDrain.app */;
			productType = "com.apple.product-type.application";
		};
/* End PBXNativeTarget section */

/* Begin PBXProject section */
		MM1111111111111111111111 /* Project object */ = {
			isa = PBXProject;
			attributes = {
				BuildIndependentTargetsInParallel = 1;
				LastSwiftUpdateCheck = 1500;
				LastUpgradeCheck = 2600;
				TargetAttributes = {
					II1111111111111111111111 = {
						CreatedOnToolsVersion = 15.0;
					};
				};
			};
			buildConfigurationList = NN1111111111111111111111 /* Build configuration list for PBXProject "DayDrain" */;
			compatibilityVersion = "Xcode 14.0";
			developmentRegion = en;
			hasScannedForEncodings = 0;
			knownRegions = (
				en,
				Base,
			);
			mainGroup = FF1111111111111111111111;
			productRefGroup = HH1111111111111111111111 /* Products */;
			projectDirPath = "";
			projectRoot = "";
			targets = (
				II1111111111111111111111 /* DayDrain */,
			);
		};
/* End PBXProject section */

/* Begin PBXResourcesBuildPhase section */
		LL1111111111111111111111 /* Resources */ = {
			isa = PBXResourcesBuildPhase;
			buildActionMask = 2147483647;
			files = (
			);
			runOnlyForDeploymentPostprocessing = 0;
		};
/* End PBXResourcesBuildPhase section */

/* Begin PBXSourcesBuildPhase section */
		KK1111111111111111111111 /* Sources */ = {
			isa = PBXSourcesBuildPhase;
			buildActionMask = 2147483647;
			files = (
				AA1111111111111111111111 /* DayDrainApp.swift in Sources */,
				AA2222222222222222222222 /* DayManager.swift in Sources */,
                                AA3333333333333333333333 /* StatusBarView.swift in Sources */,
                                AA4444444444444444444444 /* SettingsView.swift in Sources */,
                                AA5555555555555555555555 /* MenuBarController.swift in Sources */,
                                AA6666666666666666666666 /* ToDoManager.swift in Sources */,
                                AA7777777777777777777777 /* ToDoPanel.swift in Sources */,
                                AA8888888888888888888888 /* WeekManager.swift in Sources */,
                                AA9999999999999999999999 /* FocusModels.swift in Sources */,
                        );
			runOnlyForDeploymentPostprocessing = 0;
		};
/* End PBXSourcesBuildPhase section */

/* Begin XCBuildConfiguration section */
		OO1111111111111111111111 /* Debug */ = {
			isa = XCBuildConfiguration;
			buildSettings = {
				ALWAYS_SEARCH_USER_PATHS = NO;
				CLANG_ENABLE_MODULES = YES;
				CLANG_ENABLE_OBJC_ARC = YES;
				CLANG_WARN_BLOCK_CAPTURE_AUTORELEASING = YES;
				CLANG_WARN_BOOL_CONVERSION = YES;
				CLANG_WARN_COMMA = YES;
				CLANG_WARN_CONSTANT_CONVERSION = YES;
				CLANG_WARN_DEPRECATED_OBJC_IMPLEMENTATIONS = YES;
				CLANG_WARN_EMPTY_BODY = YES;
				CLANG_WARN_ENUM_CONVERSION = YES;
				CLANG_WARN_INFINITE_RECURSION = YES;
				CLANG_WARN_INT_CONVERSION = YES;
				CLANG_WARN_NON_LITERAL_NULL_CONVERSION = YES;
				CLANG_WARN_OBJC_IMPLICIT_RETAIN_SELF = YES;
				CLANG_WARN_OBJC_LITERAL_CONVERSION = YES;
				CLANG_WARN_QUOTED_INCLUDE_IN_FRAMEWORK_HEADER = YES;
				CLANG_WARN_RANGE_LOOP_ANALYSIS = YES;
				CLANG_WARN_STRICT_PROTOTYPES = YES;
				CLANG_WARN_SUSPICIOUS_MOVE = YES;
				CLANG_WARN_UNREACHABLE_CODE = YES;
				CLANG_WARN__DUPLICATE_METHOD_MATCH = YES;
				COPY_PHASE_STRIP = NO;
				DEAD_CODE_STRIPPING = YES;
				DEBUG_INFORMATION_FORMAT = dwarf;
				ENABLE_STRICT_OBJC_MSGSEND = YES;
				ENABLE_TESTABILITY = YES;
				ENABLE_USER_SCRIPT_SANDBOXING = YES;
				GCC_DYNAMIC_NO_PIC = NO;
				GCC_NO_COMMON_BLOCKS = YES;
				GCC_OPTIMIZATION_LEVEL = 0;
				GCC_PREPROCESSOR_DEFINITIONS = (
					"DEBUG=1",
					"$(inherited)",
				);
				GCC_WARN_64_TO_32_BIT_CONVERSION = YES;
				GCC_WARN_ABOUT_RETURN_TYPE = YES;
				GCC_WARN_UNDECLARED_SELECTOR = YES;
				GCC_WARN_UNINITIALIZED_AUTOS = YES;
				GCC_WARN_UNUSED_FUNCTION = YES;
				GCC_WARN_UNUSED_VARIABLE = YES;
				MACOSX_DEPLOYMENT_TARGET = 13.0;
				ONLY_ACTIVE_ARCH = YES;
				SDKROOT = macosx;
				STRING_CATALOG_GENERATE_SYMBOLS = YES;
				SWIFT_ACTIVE_COMPILATION_CONDITIONS = DEBUG;
				SWIFT_OPTIMIZATION_LEVEL = "-Onone";
			};
			name = Debug;
		};
		PP1111111111111111111111 /* Release */ = {
			isa = XCBuildConfiguration;
			buildSettings = {
				ALWAYS_SEARCH_USER_PATHS = NO;
				CLANG_ENABLE_MODULES = YES;
				CLANG_ENABLE_OBJC_ARC = YES;
				CLANG_WARN_BLOCK_CAPTURE_AUTORELEASING = YES;
				CLANG_WARN_BOOL_CONVERSION = YES;
				CLANG_WARN_COMMA = YES;
				CLANG_WARN_CONSTANT_CONVERSION = YES;
				CLANG_WARN_DEPRECATED_OBJC_IMPLEMENTATIONS = YES;
				CLANG_WARN_EMPTY_BODY = YES;
				CLANG_WARN_ENUM_CONVERSION = YES;
				CLANG_WARN_INFINITE_RECURSION = YES;
				CLANG_WARN_INT_CONVERSION = YES;
				CLANG_WARN_NON_LITERAL_NULL_CONVERSION = YES;
				CLANG_WARN_OBJC_IMPLICIT_RETAIN_SELF = YES;
				CLANG_WARN_OBJC_LITERAL_CONVERSION = YES;
				CLANG_WARN_QUOTED_INCLUDE_IN_FRAMEWORK_HEADER = YES;
				CLANG_WARN_RANGE_LOOP_ANALYSIS = YES;
				CLANG_WARN_STRICT_PROTOTYPES = YES;
				CLANG_WARN_SUSPICIOUS_MOVE = YES;
				CLANG_WARN_UNREACHABLE_CODE = YES;
				CLANG_WARN__DUPLICATE_METHOD_MATCH = YES;
				COPY_PHASE_STRIP = NO;
				DEAD_CODE_STRIPPING = YES;
				DEBUG_INFORMATION_FORMAT = "dwarf-with-dsym";
				ENABLE_NS_ASSERTIONS = NO;
				ENABLE_STRICT_OBJC_MSGSEND = YES;
				ENABLE_USER_SCRIPT_SANDBOXING = YES;
				GCC_NO_COMMON_BLOCKS = YES;
				GCC_WARN_64_TO_32_BIT_CONVERSION = YES;
				GCC_WARN_ABOUT_RETURN_TYPE = YES;
				GCC_WARN_UNDECLARED_SELECTOR = YES;
				GCC_WARN_UNINITIALIZED_AUTOS = YES;
				GCC_WARN_UNUSED_FUNCTION = YES;
				GCC_WARN_UNUSED_VARIABLE = YES;
				MACOSX_DEPLOYMENT_TARGET = 13.0;
				SDKROOT = macosx;
				STRING_CATALOG_GENERATE_SYMBOLS = YES;
				SWIFT_COMPILATION_MODE = wholemodule;
				SWIFT_OPTIMIZATION_LEVEL = "-O";
			};
			name = Release;
		};
		QQ1111111111111111111111 /* Debug */ = {
			isa = XCBuildConfiguration;
			buildSettings = {
				CODE_SIGN_ENTITLEMENTS = DayDrain/DayDrain.entitlements;
				CODE_SIGN_STYLE = Automatic;
				COMBINE_HIDPI_IMAGES = YES;
				CURRENT_PROJECT_VERSION = 1;
				DEAD_CODE_STRIPPING = YES;
				DEVELOPMENT_ASSET_PATHS = "\"DayDrain/Preview Content\"";
				ENABLE_PREVIEWS = YES;
				GENERATE_INFOPLIST_FILE = NO;
				INFOPLIST_FILE = DayDrain/Info.plist;
				LD_RUNPATH_SEARCH_PATHS = (
					"$(inherited)",
					"@executable_path/../Frameworks",
				);
				MARKETING_VERSION = 1.0;
				PRODUCT_BUNDLE_IDENTIFIER = com.pierreelmen.DayDrain;
				PRODUCT_NAME = "$(TARGET_NAME)";
				SWIFT_VERSION = 5.0;
			};
			name = Debug;
		};
		RR1111111111111111111111 /* Release */ = {
			isa = XCBuildConfiguration;
			buildSettings = {
				CODE_SIGN_ENTITLEMENTS = DayDrain/DayDrain.entitlements;
				CODE_SIGN_STYLE = Automatic;
				COMBINE_HIDPI_IMAGES = YES;
				CURRENT_PROJECT_VERSION = 1;
				DEAD_CODE_STRIPPING = YES;
				DEVELOPMENT_ASSET_PATHS = "\"DayDrain/Preview Content\"";
				ENABLE_PREVIEWS = YES;
				GENERATE_INFOPLIST_FILE = NO;
				INFOPLIST_FILE = DayDrain/Info.plist;
				LD_RUNPATH_SEARCH_PATHS = (
					"$(inherited)",
					"@executable_path/../Frameworks",
				);
				MARKETING_VERSION = 1.0;
				PRODUCT_BUNDLE_IDENTIFIER = com.pierreelmen.DayDrain;
				PRODUCT_NAME = "$(TARGET_NAME)";
				SWIFT_VERSION = 5.0;
			};
			name = Release;
		};
/* End XCBuildConfiguration section */

/* Begin XCConfigurationList section */
		JJ1111111111111111111111 /* Build configuration list for PBXNativeTarget "DayDrain" */ = {
			isa = XCConfigurationList;
			buildConfigurations = (
				QQ1111111111111111111111 /* Debug */,
				RR1111111111111111111111 /* Release */,
			);
			defaultConfigurationIsVisible = 0;
			defaultConfigurationName = Release;
		};
		NN1111111111111111111111 /* Build configuration list for PBXProject "DayDrain" */ = {
			isa = XCConfigurationList;
			buildConfigurations = (
				OO1111111111111111111111 /* Debug */,
				PP1111111111111111111111 /* Release */,
			);
			defaultConfigurationIsVisible = 0;
			defaultConfigurationName = Release;
		};
/* End XCConfigurationList section */
	};
	rootObject = MM1111111111111111111111 /* Project object */;
}
